
Microsoft Visual Studio Solution File, Format Version 12.00
# Visual Studio Version 16
VisualStudioVersion = 16.0.30517.126
MinimumVisualStudioVersion = 10.0.40219.1
Project("{FAE04EC0-301F-11D3-BF4B-00C04F79EFBC}") = "Task1name", "Task1name\Task1name.csproj", "{6DC3B06A-2E2B-4C3E-B88F-BDD26BD09541}"
EndProject
Project("{FAE04EC0-301F-11D3-BF4B-00C04F79EFBC}") = "Task2sum", "Task2sum\Task2sum.csproj", "{4C9E4BA9-826B-4FA2-9374-4966EDF728F0}"
EndProject
Project("{FAE04EC0-301F-11D3-BF4B-00C04F79EFBC}") = "task3dividing", "task3dividing\task3dividing.csproj", "{B89355BD-E7E2-4130-8D7E-DBE53F379FB6}"
EndProject
Project("{FAE04EC0-301F-11D3-BF4B-00C04F79EFBC}") = "task5_multOf3", "task5_multOf3\task5_multOf3.csproj", "{D1E6718B-3F88-4A63-86C8-7C557AF2D690}"
EndProject
Project("{FAE04EC0-301F-11D3-BF4B-00C04F79EFBC}") = "task4Operations", "task4Operations\task4Operations.csproj", "{E921BAED-A8C7-4E9F-97DE-B37AFF1A0B56}"
EndProject
Global
	GlobalSection(SolutionConfigurationPlatforms) = preSolution
		Debug|Any CPU = Debug|Any CPU
		Release|Any CPU = Release|Any CPU
	EndGlobalSection
	GlobalSection(ProjectConfigurationPlatforms) = postSolution
		{6DC3B06A-2E2B-4C3E-B88F-BDD26BD09541}.Debug|Any CPU.ActiveCfg = Debug|Any CPU
		{6DC3B06A-2E2B-4C3E-B88F-BDD26BD09541}.Debug|Any CPU.Build.0 = Debug|Any CPU
		{6DC3B06A-2E2B-4C3E-B88F-BDD26BD09541}.Release|Any CPU.ActiveCfg = Release|Any CPU
		{6DC3B06A-2E2B-4C3E-B88F-BDD26BD09541}.Release|Any CPU.Build.0 = Release|Any CPU
		{4C9E4BA9-826B-4FA2-9374-4966EDF728F0}.Debug|Any CPU.ActiveCfg = Debug|Any CPU
		{4C9E4BA9-826B-4FA2-9374-4966EDF728F0}.Debug|Any CPU.Build.0 = Debug|Any CPU
		{4C9E4BA9-826B-4FA2-9374-4966EDF728F0}.Release|Any CPU.ActiveCfg = Release|Any CPU
		{4C9E4BA9-826B-4FA2-9374-4966EDF728F0}.Release|Any CPU.Build.0 = Release|Any CPU
		{B89355BD-E7E2-4130-8D7E-DBE53F379FB6}.Debug|Any CPU.ActiveCfg = Debug|Any CPU
		{B89355BD-E7E2-4130-8D7E-DBE53F379FB6}.Debug|Any CPU.Build.0 = Debug|Any CPU
		{B89355BD-E7E2-4130-8D7E-DBE53F379FB6}.Release|Any CPU.ActiveCfg = Release|Any CPU
		{B89355BD-E7E2-4130-8D7E-DBE53F379FB6}.Release|Any CPU.Build.0 = Release|Any CPU
		{D1E6718B-3F88-4A63-86C8-7C557AF2D690}.Debug|Any CPU.ActiveCfg = Debug|Any CPU
		{D1E6718B-3F88-4A63-86C8-7C557AF2D690}.Debug|Any CPU.Build.0 = Debug|Any CPU
		{D1E6718B-3F88-4A63-86C8-7C557AF2D690}.Release|Any CPU.ActiveCfg = Release|Any CPU
		{D1E6718B-3F88-4A63-86C8-7C557AF2D690}.Release|Any CPU.Build.0 = Release|Any CPU
		{E921BAED-A8C7-4E9F-97DE-B37AFF1A0B56}.Debug|Any CPU.ActiveCfg = Debug|Any CPU
		{E921BAED-A8C7-4E9F-97DE-B37AFF1A0B56}.Debug|Any CPU.Build.0 = Debug|Any CPU
		{E921BAED-A8C7-4E9F-97DE-B37AFF1A0B56}.Release|Any CPU.ActiveCfg = Release|Any CPU
		{E921BAED-A8C7-4E9F-97DE-B37AFF1A0B56}.Release|Any CPU.Build.0 = Release|Any CPU
	EndGlobalSection
	GlobalSection(SolutionProperties) = preSolution
		HideSolutionNode = FALSE
	EndGlobalSection
	GlobalSection(ExtensibilityGlobals) = postSolution
		SolutionGuid = {A5D8B08D-D7F0-47F7-993E-5273C9739CB6}
	EndGlobalSection
EndGlobal
