
Microsoft Visual Studio Solution File, Format Version 12.00
# Visual Studio Version 16
VisualStudioVersion = 16.0.30804.86
MinimumVisualStudioVersion = 10.0.40219.1
Project("{FAE04EC0-301F-11D3-BF4B-00C04F79EFBC}") = "Part1", "Part1\Part1.csproj", "{0FDD8CFD-4552-445F-88E1-DECAB103E4CA}"
EndProject
Project("{FAE04EC0-301F-11D3-BF4B-00C04F79EFBC}") = "Part2", "Part2\Part2.csproj", "{8B403EB1-686E-417C-BA0F-A80835B435FC}"
EndProject
Global
	GlobalSection(SolutionConfigurationPlatforms) = preSolution
		Debug|Any CPU = Debug|Any CPU
		Release|Any CPU = Release|Any CPU
	EndGlobalSection
	GlobalSection(ProjectConfigurationPlatforms) = postSolution
		{0FDD8CFD-4552-445F-88E1-DECAB103E4CA}.Debug|Any CPU.ActiveCfg = Debug|Any CPU
		{0FDD8CFD-4552-445F-88E1-DECAB103E4CA}.Debug|Any CPU.Build.0 = Debug|Any CPU
		{0FDD8CFD-4552-445F-88E1-DECAB103E4CA}.Release|Any CPU.ActiveCfg = Release|Any CPU
		{0FDD8CFD-4552-445F-88E1-DECAB103E4CA}.Release|Any CPU.Build.0 = Release|Any CPU
		{8B403EB1-686E-417C-BA0F-A80835B435FC}.Debug|Any CPU.ActiveCfg = Debug|Any CPU
		{8B403EB1-686E-417C-BA0F-A80835B435FC}.Debug|Any CPU.Build.0 = Debug|Any CPU
		{8B403EB1-686E-417C-BA0F-A80835B435FC}.Release|Any CPU.ActiveCfg = Release|Any CPU
		{8B403EB1-686E-417C-BA0F-A80835B435FC}.Release|Any CPU.Build.0 = Release|Any CPU
	EndGlobalSection
	GlobalSection(SolutionProperties) = preSolution
		HideSolutionNode = FALSE
	EndGlobalSection
	GlobalSection(ExtensibilityGlobals) = postSolution
		SolutionGuid = {A41A4763-171D-4917-829A-1EA775D04171}
	EndGlobalSection
EndGlobal
